
Microsoft Visual Studio Solution File, Format Version 12.00
# Visual Studio Version 17
VisualStudioVersion = 17.6.33815.320
MinimumVisualStudioVersion = 10.0.40219.1
Project("{FAE04EC0-301F-11D3-BF4B-00C04F79EFBC}") = "20241107_ExceptionsDemo", "20241107_ExceptionsDemo.csproj", "{ECA3A6BC-E172-4E83-98D6-A0B7F1187953}"
EndProject
Global
	GlobalSection(SolutionConfigurationPlatforms) = preSolution
		Debug|Any CPU = Debug|Any CPU
		Release|Any CPU = Release|Any CPU
	EndGlobalSection
	GlobalSection(ProjectConfigurationPlatforms) = postSolution
		{ECA3A6BC-E172-4E83-98D6-A0B7F1187953}.Debug|Any CPU.ActiveCfg = Debug|Any CPU
		{ECA3A6BC-E172-4E83-98D6-A0B7F1187953}.Debug|Any CPU.Build.0 = Debug|Any CPU
		{ECA3A6BC-E172-4E83-98D6-A0B7F1187953}.Release|Any CPU.ActiveCfg = Release|Any CPU
		{ECA3A6BC-E172-4E83-98D6-A0B7F1187953}.Release|Any CPU.Build.0 = Release|Any CPU
	EndGlobalSection
	GlobalSection(SolutionProperties) = preSolution
		HideSolutionNode = FALSE
	EndGlobalSection
	GlobalSection(ExtensibilityGlobals) = postSolution
		SolutionGuid = {5801D082-8FAB-4FD4-AEB5-E33796981761}
	EndGlobalSection
EndGlobal
